
Microsoft Visual Studio Solution File, Format Version 12.00
Project("{FAE04EC0-301F-11D3-BF4B-00C04F79EFBC}") = "Demo.Command.Api", "Demo.Command.Api\Demo.Command.Api\Demo.Command.Api.csproj", "{4A5827BC-A39A-4C15-988E-15B466134331}"
EndProject
Project("{FAE04EC0-301F-11D3-BF4B-00C04F79EFBC}") = "Demo.Command.Domain", "Demo.Command.Api\Demo.Command.Domain\Demo.Command.Domain.csproj", "{C6459B64-C40B-4608-BD4C-4A56CD811862}"
EndProject
Project("{FAE04EC0-301F-11D3-BF4B-00C04F79EFBC}") = "Demo.Command.Application", "Demo.Command.Api\Demo.Command.Application\Demo.Command.Application.csproj", "{4DCF940A-7994-42B5-89AB-62C88678A073}"
EndProject
Project("{FAE04EC0-301F-11D3-BF4B-00C04F79EFBC}") = "Demo.Command.Infrastructure", "Demo.Command.Api\Demo.Command.Infrastructure\Demo.Command.Infrastructure.csproj", "{A06F3975-DE30-463F-99B5-F4C98A2E88DF}"
EndProject
Global
	GlobalSection(SolutionConfigurationPlatforms) = preSolution
		Debug|Any CPU = Debug|Any CPU
		Release|Any CPU = Release|Any CPU
	EndGlobalSection
	GlobalSection(ProjectConfigurationPlatforms) = postSolution
		{4A5827BC-A39A-4C15-988E-15B466134331}.Debug|Any CPU.ActiveCfg = Debug|Any CPU
		{4A5827BC-A39A-4C15-988E-15B466134331}.Debug|Any CPU.Build.0 = Debug|Any CPU
		{4A5827BC-A39A-4C15-988E-15B466134331}.Release|Any CPU.ActiveCfg = Release|Any CPU
		{4A5827BC-A39A-4C15-988E-15B466134331}.Release|Any CPU.Build.0 = Release|Any CPU
		{C6459B64-C40B-4608-BD4C-4A56CD811862}.Debug|Any CPU.ActiveCfg = Debug|Any CPU
		{C6459B64-C40B-4608-BD4C-4A56CD811862}.Debug|Any CPU.Build.0 = Debug|Any CPU
		{C6459B64-C40B-4608-BD4C-4A56CD811862}.Release|Any CPU.ActiveCfg = Release|Any CPU
		{C6459B64-C40B-4608-BD4C-4A56CD811862}.Release|Any CPU.Build.0 = Release|Any CPU
		{4DCF940A-7994-42B5-89AB-62C88678A073}.Debug|Any CPU.ActiveCfg = Debug|Any CPU
		{4DCF940A-7994-42B5-89AB-62C88678A073}.Debug|Any CPU.Build.0 = Debug|Any CPU
		{4DCF940A-7994-42B5-89AB-62C88678A073}.Release|Any CPU.ActiveCfg = Release|Any CPU
		{4DCF940A-7994-42B5-89AB-62C88678A073}.Release|Any CPU.Build.0 = Release|Any CPU
		{A06F3975-DE30-463F-99B5-F4C98A2E88DF}.Debug|Any CPU.ActiveCfg = Debug|Any CPU
		{A06F3975-DE30-463F-99B5-F4C98A2E88DF}.Debug|Any CPU.Build.0 = Debug|Any CPU
		{A06F3975-DE30-463F-99B5-F4C98A2E88DF}.Release|Any CPU.ActiveCfg = Release|Any CPU
		{A06F3975-DE30-463F-99B5-F4C98A2E88DF}.Release|Any CPU.Build.0 = Release|Any CPU
	EndGlobalSection
EndGlobal
